
Microsoft Visual Studio Solution File, Format Version 12.00
# Visual Studio Version 16
VisualStudioVersion = 16.0.29215.179
MinimumVisualStudioVersion = 10.0.40219.1
Project("{FAE04EC0-301F-11D3-BF4B-00C04F79EFBC}") = "BuscaDados", "BuscaDados\BuscaDados.csproj", "{31BF1374-7233-4FEE-B85D-7BF7A528C3B6}"
EndProject
Global
	GlobalSection(SolutionConfigurationPlatforms) = preSolution
		Debug|Any CPU = Debug|Any CPU
		Release|Any CPU = Release|Any CPU
	EndGlobalSection
	GlobalSection(ProjectConfigurationPlatforms) = postSolution
		{31BF1374-7233-4FEE-B85D-7BF7A528C3B6}.Debug|Any CPU.ActiveCfg = Debug|Any CPU
		{31BF1374-7233-4FEE-B85D-7BF7A528C3B6}.Debug|Any CPU.Build.0 = Debug|Any CPU
		{31BF1374-7233-4FEE-B85D-7BF7A528C3B6}.Release|Any CPU.ActiveCfg = Release|Any CPU
		{31BF1374-7233-4FEE-B85D-7BF7A528C3B6}.Release|Any CPU.Build.0 = Release|Any CPU
	EndGlobalSection
	GlobalSection(SolutionProperties) = preSolution
		HideSolutionNode = FALSE
	EndGlobalSection
	GlobalSection(ExtensibilityGlobals) = postSolution
		SolutionGuid = {33FF7AFE-35A6-46F3-9828-4AD83B8EF921}
	EndGlobalSection
EndGlobal
